
Microsoft Visual Studio Solution File, Format Version 12.00
# Visual Studio Version 16
VisualStudioVersion = 16.0.28803.452
MinimumVisualStudioVersion = 10.0.40219.1
Project("{9A19103F-16F7-4668-BE54-9A1E7A4F7556}") = "ATBase.Logging", "src\ATBase.Logging\ATBase.Logging.csproj", "{4D3D09E4-00D8-4547-B441-B27ED59BDA06}"
EndProject
Project("{9A19103F-16F7-4668-BE54-9A1E7A4F7556}") = "ATBase.Core", "src\ATBase.Core\ATBase.Core.csproj", "{22689753-9C31-4854-89FE-5DD13BE0A251}"
EndProject
Project("{2150E333-8FDC-42A3-9474-1A3956D46DE8}") = "src", "src", "{C2DEE63C-1744-4741-8792-3C05C864D88C}"
EndProject
Project("{9A19103F-16F7-4668-BE54-9A1E7A4F7556}") = "ATBase.Security", "src\ATBase.Security\ATBase.Security.csproj", "{4958D868-3D51-4A48-BD28-290BA708AC18}"
EndProject
Project("{2150E333-8FDC-42A3-9474-1A3956D46DE8}") = "OSS", "OSS", "{297BFAAB-6CC2-4DFB-A053-9E3962DD187A}"
EndProject
Project("{9A19103F-16F7-4668-BE54-9A1E7A4F7556}") = "ATBase.OssCore", "src\OSS\ATBase.OssCore\ATBase.OssCore.csproj", "{CAACB77A-CA69-4FA6-AF09-6C4E81C29746}"
EndProject
Project("{9A19103F-16F7-4668-BE54-9A1E7A4F7556}") = "ATBase.OssProvider.AliOss", "src\OSS\ATBase.OssProvider.AliOss\ATBase.OssProvider.AliOss.csproj", "{91B61567-EFB6-4280-90B9-AA8E49852F63}"
EndProject
Project("{2150E333-8FDC-42A3-9474-1A3956D46DE8}") = "MQ", "MQ", "{C48A35D7-FC90-4502-806E-7D2339F0ACB3}"
EndProject
Project("{9A19103F-16F7-4668-BE54-9A1E7A4F7556}") = "ATBase.MQCore", "src\MQ\ATBase.MQCore\ATBase.MQCore.csproj", "{693E715F-FD0C-4A2B-824C-0EC1C02BA2EC}"
EndProject
Project("{9A19103F-16F7-4668-BE54-9A1E7A4F7556}") = "ATBase.MQProvider.RocketMQ", "src\MQ\ATBase.RocketMQ\ATBase.MQProvider.RocketMQ.csproj", "{422C8384-8FBA-49F1-827B-959437CF2CA4}"
EndProject
Project("{2150E333-8FDC-42A3-9474-1A3956D46DE8}") = "Data", "Data", "{1322E4AC-BE41-4501-96D6-5BF14376810F}"
EndProject
Project("{9A19103F-16F7-4668-BE54-9A1E7A4F7556}") = "ATBase.Data.MongoDb", "src\Data\ATBase.Data.MongoDb\ATBase.Data.MongoDb.csproj", "{E31B8552-0AB8-4D42-85A8-6A5EB2BC2F41}"
EndProject
Project("{9A19103F-16F7-4668-BE54-9A1E7A4F7556}") = "ATBase.Data", "src\Data\ATBase.Data\ATBase.Data.csproj", "{512B2780-1432-4FD1-929E-F0B31A5064DC}"
EndProject
Project("{9A19103F-16F7-4668-BE54-9A1E7A4F7556}") = "ATBase.Web.Mvc", "src\ATBase.Web.Mvc\ATBase.Web.Mvc.csproj", "{6BFCD1C9-5094-4E1F-9E84-E91A21E891C8}"
EndProject
Project("{2150E333-8FDC-42A3-9474-1A3956D46DE8}") = "Payment", "Payment", "{40354126-45F7-4340-8E00-6D1A6C9345B3}"
EndProject
Project("{9A19103F-16F7-4668-BE54-9A1E7A4F7556}") = "ATBase.Payment.Bill99", "src\Payment\ATBase.Payment.Bill99\ATBase.Payment.Bill99.csproj", "{89615865-EB35-4DC2-96ED-1C953DD51F17}"
EndProject
Project("{9A19103F-16F7-4668-BE54-9A1E7A4F7556}") = "ATBase.Net", "src\ATBase.Net\ATBase.Net.csproj", "{DE1D62F7-B847-44A1-A417-B193A3EFB23C}"
EndProject
Project("{9A19103F-16F7-4668-BE54-9A1E7A4F7556}") = "ATBase.Serialization", "src\ATBase.Serialization\ATBase.Serialization.csproj", "{1E224B9B-4726-48C8-84A1-6D3DBA33198A}"
EndProject
Project("{9A19103F-16F7-4668-BE54-9A1E7A4F7556}") = "ATBase.Schedule", "src\ATBase.Schedule\ATBase.Schedule.csproj", "{B0548D3A-534C-4B96-A7C0-A88027E14FCD}"
EndProject
Project("{9A19103F-16F7-4668-BE54-9A1E7A4F7556}") = "ATBase.Validation", "src\ATBase.Validation\ATBase.Validation.csproj", "{28F88062-C16B-4F98-B26A-12CA951B4492}"
EndProject
Project("{9A19103F-16F7-4668-BE54-9A1E7A4F7556}") = "ATBase.LocalMQ", "src\MQ\ATBase.LocalMQ\ATBase.LocalMQ.csproj", "{C35A957E-65E3-4C5A-A321-81BC8ED6F7FD}"
EndProject
Project("{2150E333-8FDC-42A3-9474-1A3956D46DE8}") = "test", "test", "{D98E8356-3CD0-4C7A-98EF-DBB42DCEC40F}"
EndProject
Project("{FAE04EC0-301F-11D3-BF4B-00C04F79EFBC}") = "ATBase.Security.Tests", "test\ATBase.Security.Tests\ATBase.Security.Tests.csproj", "{E0E3069C-D52E-42F0-9B9A-238A0187CD48}"
EndProject
Global
	GlobalSection(SolutionConfigurationPlatforms) = preSolution
		Debug|Any CPU = Debug|Any CPU
		Release|Any CPU = Release|Any CPU
	EndGlobalSection
	GlobalSection(ProjectConfigurationPlatforms) = postSolution
		{4D3D09E4-00D8-4547-B441-B27ED59BDA06}.Debug|Any CPU.ActiveCfg = Debug|Any CPU
		{4D3D09E4-00D8-4547-B441-B27ED59BDA06}.Debug|Any CPU.Build.0 = Debug|Any CPU
		{4D3D09E4-00D8-4547-B441-B27ED59BDA06}.Release|Any CPU.ActiveCfg = Release|Any CPU
		{4D3D09E4-00D8-4547-B441-B27ED59BDA06}.Release|Any CPU.Build.0 = Release|Any CPU
		{22689753-9C31-4854-89FE-5DD13BE0A251}.Debug|Any CPU.ActiveCfg = Debug|Any CPU
		{22689753-9C31-4854-89FE-5DD13BE0A251}.Debug|Any CPU.Build.0 = Debug|Any CPU
		{22689753-9C31-4854-89FE-5DD13BE0A251}.Release|Any CPU.ActiveCfg = Release|Any CPU
		{22689753-9C31-4854-89FE-5DD13BE0A251}.Release|Any CPU.Build.0 = Release|Any CPU
		{4958D868-3D51-4A48-BD28-290BA708AC18}.Debug|Any CPU.ActiveCfg = Debug|Any CPU
		{4958D868-3D51-4A48-BD28-290BA708AC18}.Debug|Any CPU.Build.0 = Debug|Any CPU
		{4958D868-3D51-4A48-BD28-290BA708AC18}.Release|Any CPU.ActiveCfg = Release|Any CPU
		{4958D868-3D51-4A48-BD28-290BA708AC18}.Release|Any CPU.Build.0 = Release|Any CPU
		{CAACB77A-CA69-4FA6-AF09-6C4E81C29746}.Debug|Any CPU.ActiveCfg = Debug|Any CPU
		{CAACB77A-CA69-4FA6-AF09-6C4E81C29746}.Debug|Any CPU.Build.0 = Debug|Any CPU
		{CAACB77A-CA69-4FA6-AF09-6C4E81C29746}.Release|Any CPU.ActiveCfg = Release|Any CPU
		{CAACB77A-CA69-4FA6-AF09-6C4E81C29746}.Release|Any CPU.Build.0 = Release|Any CPU
		{91B61567-EFB6-4280-90B9-AA8E49852F63}.Debug|Any CPU.ActiveCfg = Debug|Any CPU
		{91B61567-EFB6-4280-90B9-AA8E49852F63}.Debug|Any CPU.Build.0 = Debug|Any CPU
		{91B61567-EFB6-4280-90B9-AA8E49852F63}.Release|Any CPU.ActiveCfg = Release|Any CPU
		{91B61567-EFB6-4280-90B9-AA8E49852F63}.Release|Any CPU.Build.0 = Release|Any CPU
		{693E715F-FD0C-4A2B-824C-0EC1C02BA2EC}.Debug|Any CPU.ActiveCfg = Debug|Any CPU
		{693E715F-FD0C-4A2B-824C-0EC1C02BA2EC}.Debug|Any CPU.Build.0 = Debug|Any CPU
		{693E715F-FD0C-4A2B-824C-0EC1C02BA2EC}.Release|Any CPU.ActiveCfg = Release|Any CPU
		{693E715F-FD0C-4A2B-824C-0EC1C02BA2EC}.Release|Any CPU.Build.0 = Release|Any CPU
		{422C8384-8FBA-49F1-827B-959437CF2CA4}.Debug|Any CPU.ActiveCfg = Debug|Any CPU
		{422C8384-8FBA-49F1-827B-959437CF2CA4}.Debug|Any CPU.Build.0 = Debug|Any CPU
		{422C8384-8FBA-49F1-827B-959437CF2CA4}.Release|Any CPU.ActiveCfg = Release|Any CPU
		{422C8384-8FBA-49F1-827B-959437CF2CA4}.Release|Any CPU.Build.0 = Release|Any CPU
		{E31B8552-0AB8-4D42-85A8-6A5EB2BC2F41}.Debug|Any CPU.ActiveCfg = Debug|Any CPU
		{E31B8552-0AB8-4D42-85A8-6A5EB2BC2F41}.Debug|Any CPU.Build.0 = Debug|Any CPU
		{E31B8552-0AB8-4D42-85A8-6A5EB2BC2F41}.Release|Any CPU.ActiveCfg = Release|Any CPU
		{E31B8552-0AB8-4D42-85A8-6A5EB2BC2F41}.Release|Any CPU.Build.0 = Release|Any CPU
		{512B2780-1432-4FD1-929E-F0B31A5064DC}.Debug|Any CPU.ActiveCfg = Debug|Any CPU
		{512B2780-1432-4FD1-929E-F0B31A5064DC}.Debug|Any CPU.Build.0 = Debug|Any CPU
		{512B2780-1432-4FD1-929E-F0B31A5064DC}.Release|Any CPU.ActiveCfg = Release|Any CPU
		{512B2780-1432-4FD1-929E-F0B31A5064DC}.Release|Any CPU.Build.0 = Release|Any CPU
		{6BFCD1C9-5094-4E1F-9E84-E91A21E891C8}.Debug|Any CPU.ActiveCfg = Debug|Any CPU
		{6BFCD1C9-5094-4E1F-9E84-E91A21E891C8}.Debug|Any CPU.Build.0 = Debug|Any CPU
		{6BFCD1C9-5094-4E1F-9E84-E91A21E891C8}.Release|Any CPU.ActiveCfg = Release|Any CPU
		{6BFCD1C9-5094-4E1F-9E84-E91A21E891C8}.Release|Any CPU.Build.0 = Release|Any CPU
		{89615865-EB35-4DC2-96ED-1C953DD51F17}.Debug|Any CPU.ActiveCfg = Debug|Any CPU
		{89615865-EB35-4DC2-96ED-1C953DD51F17}.Debug|Any CPU.Build.0 = Debug|Any CPU
		{89615865-EB35-4DC2-96ED-1C953DD51F17}.Release|Any CPU.ActiveCfg = Release|Any CPU
		{89615865-EB35-4DC2-96ED-1C953DD51F17}.Release|Any CPU.Build.0 = Release|Any CPU
		{DE1D62F7-B847-44A1-A417-B193A3EFB23C}.Debug|Any CPU.ActiveCfg = Debug|Any CPU
		{DE1D62F7-B847-44A1-A417-B193A3EFB23C}.Debug|Any CPU.Build.0 = Debug|Any CPU
		{DE1D62F7-B847-44A1-A417-B193A3EFB23C}.Release|Any CPU.ActiveCfg = Release|Any CPU
		{DE1D62F7-B847-44A1-A417-B193A3EFB23C}.Release|Any CPU.Build.0 = Release|Any CPU
		{1E224B9B-4726-48C8-84A1-6D3DBA33198A}.Debug|Any CPU.ActiveCfg = Debug|Any CPU
		{1E224B9B-4726-48C8-84A1-6D3DBA33198A}.Debug|Any CPU.Build.0 = Debug|Any CPU
		{1E224B9B-4726-48C8-84A1-6D3DBA33198A}.Release|Any CPU.ActiveCfg = Release|Any CPU
		{1E224B9B-4726-48C8-84A1-6D3DBA33198A}.Release|Any CPU.Build.0 = Release|Any CPU
		{B0548D3A-534C-4B96-A7C0-A88027E14FCD}.Debug|Any CPU.ActiveCfg = Debug|Any CPU
		{B0548D3A-534C-4B96-A7C0-A88027E14FCD}.Debug|Any CPU.Build.0 = Debug|Any CPU
		{B0548D3A-534C-4B96-A7C0-A88027E14FCD}.Release|Any CPU.ActiveCfg = Release|Any CPU
		{B0548D3A-534C-4B96-A7C0-A88027E14FCD}.Release|Any CPU.Build.0 = Release|Any CPU
		{28F88062-C16B-4F98-B26A-12CA951B4492}.Debug|Any CPU.ActiveCfg = Debug|Any CPU
		{28F88062-C16B-4F98-B26A-12CA951B4492}.Debug|Any CPU.Build.0 = Debug|Any CPU
		{28F88062-C16B-4F98-B26A-12CA951B4492}.Release|Any CPU.ActiveCfg = Release|Any CPU
		{28F88062-C16B-4F98-B26A-12CA951B4492}.Release|Any CPU.Build.0 = Release|Any CPU
		{C35A957E-65E3-4C5A-A321-81BC8ED6F7FD}.Debug|Any CPU.ActiveCfg = Debug|Any CPU
		{C35A957E-65E3-4C5A-A321-81BC8ED6F7FD}.Debug|Any CPU.Build.0 = Debug|Any CPU
		{C35A957E-65E3-4C5A-A321-81BC8ED6F7FD}.Release|Any CPU.ActiveCfg = Release|Any CPU
		{C35A957E-65E3-4C5A-A321-81BC8ED6F7FD}.Release|Any CPU.Build.0 = Release|Any CPU
		{E0E3069C-D52E-42F0-9B9A-238A0187CD48}.Debug|Any CPU.ActiveCfg = Debug|Any CPU
		{E0E3069C-D52E-42F0-9B9A-238A0187CD48}.Debug|Any CPU.Build.0 = Debug|Any CPU
		{E0E3069C-D52E-42F0-9B9A-238A0187CD48}.Release|Any CPU.ActiveCfg = Release|Any CPU
		{E0E3069C-D52E-42F0-9B9A-238A0187CD48}.Release|Any CPU.Build.0 = Release|Any CPU
	EndGlobalSection
	GlobalSection(SolutionProperties) = preSolution
		HideSolutionNode = FALSE
	EndGlobalSection
	GlobalSection(NestedProjects) = preSolution
		{4D3D09E4-00D8-4547-B441-B27ED59BDA06} = {C2DEE63C-1744-4741-8792-3C05C864D88C}
		{22689753-9C31-4854-89FE-5DD13BE0A251} = {C2DEE63C-1744-4741-8792-3C05C864D88C}
		{4958D868-3D51-4A48-BD28-290BA708AC18} = {C2DEE63C-1744-4741-8792-3C05C864D88C}
		{297BFAAB-6CC2-4DFB-A053-9E3962DD187A} = {C2DEE63C-1744-4741-8792-3C05C864D88C}
		{CAACB77A-CA69-4FA6-AF09-6C4E81C29746} = {297BFAAB-6CC2-4DFB-A053-9E3962DD187A}
		{91B61567-EFB6-4280-90B9-AA8E49852F63} = {297BFAAB-6CC2-4DFB-A053-9E3962DD187A}
		{C48A35D7-FC90-4502-806E-7D2339F0ACB3} = {C2DEE63C-1744-4741-8792-3C05C864D88C}
		{693E715F-FD0C-4A2B-824C-0EC1C02BA2EC} = {C48A35D7-FC90-4502-806E-7D2339F0ACB3}
		{422C8384-8FBA-49F1-827B-959437CF2CA4} = {C48A35D7-FC90-4502-806E-7D2339F0ACB3}
		{1322E4AC-BE41-4501-96D6-5BF14376810F} = {C2DEE63C-1744-4741-8792-3C05C864D88C}
		{E31B8552-0AB8-4D42-85A8-6A5EB2BC2F41} = {1322E4AC-BE41-4501-96D6-5BF14376810F}
		{512B2780-1432-4FD1-929E-F0B31A5064DC} = {1322E4AC-BE41-4501-96D6-5BF14376810F}
		{6BFCD1C9-5094-4E1F-9E84-E91A21E891C8} = {C2DEE63C-1744-4741-8792-3C05C864D88C}
		{40354126-45F7-4340-8E00-6D1A6C9345B3} = {C2DEE63C-1744-4741-8792-3C05C864D88C}
		{89615865-EB35-4DC2-96ED-1C953DD51F17} = {40354126-45F7-4340-8E00-6D1A6C9345B3}
		{DE1D62F7-B847-44A1-A417-B193A3EFB23C} = {C2DEE63C-1744-4741-8792-3C05C864D88C}
		{1E224B9B-4726-48C8-84A1-6D3DBA33198A} = {C2DEE63C-1744-4741-8792-3C05C864D88C}
		{B0548D3A-534C-4B96-A7C0-A88027E14FCD} = {C2DEE63C-1744-4741-8792-3C05C864D88C}
		{28F88062-C16B-4F98-B26A-12CA951B4492} = {C2DEE63C-1744-4741-8792-3C05C864D88C}
		{C35A957E-65E3-4C5A-A321-81BC8ED6F7FD} = {C48A35D7-FC90-4502-806E-7D2339F0ACB3}
		{E0E3069C-D52E-42F0-9B9A-238A0187CD48} = {D98E8356-3CD0-4C7A-98EF-DBB42DCEC40F}
	EndGlobalSection
	GlobalSection(ExtensibilityGlobals) = postSolution
		SolutionGuid = {75DFAC68-4D3A-46B6-8147-7B4FD62A3822}
	EndGlobalSection
EndGlobal
